
Microsoft Visual Studio Solution File, Format Version 12.00
# Visual Studio Version 17
VisualStudioVersion = 17.3.32804.467
MinimumVisualStudioVersion = 10.0.40219.1
Project("{FAE04EC0-301F-11D3-BF4B-00C04F79EFBC}") = "DMX_StartupSetter", "DMX_StartupSetter.csproj", "{9DC886F0-4B02-4022-8E67-A9F637510D5F}"
EndProject
Global
	GlobalSection(SolutionConfigurationPlatforms) = preSolution
		Debug|Any CPU = Debug|Any CPU
		Release|Any CPU = Release|Any CPU
	EndGlobalSection
	GlobalSection(ProjectConfigurationPlatforms) = postSolution
		{9DC886F0-4B02-4022-8E67-A9F637510D5F}.Debug|Any CPU.ActiveCfg = Debug|Any CPU
		{9DC886F0-4B02-4022-8E67-A9F637510D5F}.Debug|Any CPU.Build.0 = Debug|Any CPU
		{9DC886F0-4B02-4022-8E67-A9F637510D5F}.Release|Any CPU.ActiveCfg = Release|Any CPU
		{9DC886F0-4B02-4022-8E67-A9F637510D5F}.Release|Any CPU.Build.0 = Release|Any CPU
	EndGlobalSection
	GlobalSection(SolutionProperties) = preSolution
		HideSolutionNode = FALSE
	EndGlobalSection
	GlobalSection(ExtensibilityGlobals) = postSolution
		SolutionGuid = {9E15D5A8-76CC-4380-B2CC-5824EEF7C16C}
	EndGlobalSection
EndGlobal
